
Microsoft Visual Studio Solution File, Format Version 12.00
# Visual Studio 15
VisualStudioVersion = 15.0.28010.2048
MinimumVisualStudioVersion = 10.0.40219.1
Project("{8BC9CEB8-8B4A-11D0-8D11-00A0C91BC942}") = "Ficha 7", "Ficha 7\Ficha 7.vcxproj", "{86197D05-6BA4-4059-BFF9-CE14BA11C372}"
EndProject
Global
	GlobalSection(SolutionConfigurationPlatforms) = preSolution
		Debug|x64 = Debug|x64
		Debug|x86 = Debug|x86
		Release|x64 = Release|x64
		Release|x86 = Release|x86
	EndGlobalSection
	GlobalSection(ProjectConfigurationPlatforms) = postSolution
		{86197D05-6BA4-4059-BFF9-CE14BA11C372}.Debug|x64.ActiveCfg = Debug|x64
		{86197D05-6BA4-4059-BFF9-CE14BA11C372}.Debug|x64.Build.0 = Debug|x64
		{86197D05-6BA4-4059-BFF9-CE14BA11C372}.Debug|x86.ActiveCfg = Debug|Win32
		{86197D05-6BA4-4059-BFF9-CE14BA11C372}.Debug|x86.Build.0 = Debug|Win32
		{86197D05-6BA4-4059-BFF9-CE14BA11C372}.Release|x64.ActiveCfg = Release|x64
		{86197D05-6BA4-4059-BFF9-CE14BA11C372}.Release|x64.Build.0 = Release|x64
		{86197D05-6BA4-4059-BFF9-CE14BA11C372}.Release|x86.ActiveCfg = Release|Win32
		{86197D05-6BA4-4059-BFF9-CE14BA11C372}.Release|x86.Build.0 = Release|Win32
	EndGlobalSection
	GlobalSection(SolutionProperties) = preSolution
		HideSolutionNode = FALSE
	EndGlobalSection
	GlobalSection(ExtensibilityGlobals) = postSolution
		SolutionGuid = {0EBE2F0C-6FCC-487D-AADA-3CFA7F8381C1}
	EndGlobalSection
EndGlobal
